
Microsoft Visual Studio Solution File, Format Version 12.00
# Visual Studio Version 17
VisualStudioVersion = 17.0.31903.59
MinimumVisualStudioVersion = 10.0.40219.1
Project("{2150E333-8FDC-42A3-9474-1A3956D46DE8}") = "src", "src", "{C1A304FD-7FEC-4B9F-A333-21ACD35BF9AB}"
EndProject
Project("{FAE04EC0-301F-11D3-BF4B-00C04F79EFBC}") = "SupplierService", "src\SupplierService\SupplierService.csproj", "{265C5831-E4EF-4FD5-AB29-4399E4393405}"
EndProject
Project("{2150E333-8FDC-42A3-9474-1A3956D46DE8}") = "tests", "tests", "{9ECC7F4C-B19E-4FB5-8F1D-6B8EE8EAEFFD}"
EndProject
Project("{FAE04EC0-301F-11D3-BF4B-00C04F79EFBC}") = "SupplierService.UnitTests", "tests\SupplierService.UnitTests\SupplierService.UnitTests.csproj", "{AB58F2F3-4E4A-424B-9804-158CBEF7EEB6}"
EndProject
Global
	GlobalSection(SolutionConfigurationPlatforms) = preSolution
		Debug|Any CPU = Debug|Any CPU
		Release|Any CPU = Release|Any CPU
	EndGlobalSection
	GlobalSection(SolutionProperties) = preSolution
		HideSolutionNode = FALSE
	EndGlobalSection
	GlobalSection(ProjectConfigurationPlatforms) = postSolution
		{265C5831-E4EF-4FD5-AB29-4399E4393405}.Debug|Any CPU.ActiveCfg = Debug|Any CPU
		{265C5831-E4EF-4FD5-AB29-4399E4393405}.Debug|Any CPU.Build.0 = Debug|Any CPU
		{265C5831-E4EF-4FD5-AB29-4399E4393405}.Release|Any CPU.ActiveCfg = Release|Any CPU
		{265C5831-E4EF-4FD5-AB29-4399E4393405}.Release|Any CPU.Build.0 = Release|Any CPU
		{AB58F2F3-4E4A-424B-9804-158CBEF7EEB6}.Debug|Any CPU.ActiveCfg = Debug|Any CPU
		{AB58F2F3-4E4A-424B-9804-158CBEF7EEB6}.Debug|Any CPU.Build.0 = Debug|Any CPU
		{AB58F2F3-4E4A-424B-9804-158CBEF7EEB6}.Release|Any CPU.ActiveCfg = Release|Any CPU
		{AB58F2F3-4E4A-424B-9804-158CBEF7EEB6}.Release|Any CPU.Build.0 = Release|Any CPU
	EndGlobalSection
	GlobalSection(NestedProjects) = preSolution
		{265C5831-E4EF-4FD5-AB29-4399E4393405} = {C1A304FD-7FEC-4B9F-A333-21ACD35BF9AB}
		{AB58F2F3-4E4A-424B-9804-158CBEF7EEB6} = {9ECC7F4C-B19E-4FB5-8F1D-6B8EE8EAEFFD}
	EndGlobalSection
EndGlobal
